
Microsoft Visual Studio Solution File, Format Version 12.00
# Visual Studio Version 17
VisualStudioVersion = 17.4.33205.214
MinimumVisualStudioVersion = 10.0.40219.1
Project("{9A19103F-16F7-4668-BE54-9A1E7A4F7556}") = "API", "API\API.csproj", "{AAAD84B1-AF38-4F74-9B3F-F5B5D3DA0C8F}"
EndProject
Project("{FAE04EC0-301F-11D3-BF4B-00C04F79EFBC}") = "Infrastructure", "Infrastructure\Infrastructure.csproj", "{34732E95-0720-4BEB-AE87-A492B226B45F}"
EndProject
Project("{FAE04EC0-301F-11D3-BF4B-00C04F79EFBC}") = "Core", "Core\Core.csproj", "{DEA81F95-A709-4042-BF50-49888BCC15C9}"
EndProject
Global
	GlobalSection(SolutionConfigurationPlatforms) = preSolution
		Debug|Any CPU = Debug|Any CPU
		Release|Any CPU = Release|Any CPU
	EndGlobalSection
	GlobalSection(ProjectConfigurationPlatforms) = postSolution
		{AAAD84B1-AF38-4F74-9B3F-F5B5D3DA0C8F}.Debug|Any CPU.ActiveCfg = Debug|Any CPU
		{AAAD84B1-AF38-4F74-9B3F-F5B5D3DA0C8F}.Debug|Any CPU.Build.0 = Debug|Any CPU
		{AAAD84B1-AF38-4F74-9B3F-F5B5D3DA0C8F}.Release|Any CPU.ActiveCfg = Release|Any CPU
		{AAAD84B1-AF38-4F74-9B3F-F5B5D3DA0C8F}.Release|Any CPU.Build.0 = Release|Any CPU
		{34732E95-0720-4BEB-AE87-A492B226B45F}.Debug|Any CPU.ActiveCfg = Debug|Any CPU
		{34732E95-0720-4BEB-AE87-A492B226B45F}.Debug|Any CPU.Build.0 = Debug|Any CPU
		{34732E95-0720-4BEB-AE87-A492B226B45F}.Release|Any CPU.ActiveCfg = Release|Any CPU
		{34732E95-0720-4BEB-AE87-A492B226B45F}.Release|Any CPU.Build.0 = Release|Any CPU
		{DEA81F95-A709-4042-BF50-49888BCC15C9}.Debug|Any CPU.ActiveCfg = Debug|Any CPU
		{DEA81F95-A709-4042-BF50-49888BCC15C9}.Debug|Any CPU.Build.0 = Debug|Any CPU
		{DEA81F95-A709-4042-BF50-49888BCC15C9}.Release|Any CPU.ActiveCfg = Release|Any CPU
		{DEA81F95-A709-4042-BF50-49888BCC15C9}.Release|Any CPU.Build.0 = Release|Any CPU
	EndGlobalSection
	GlobalSection(SolutionProperties) = preSolution
		HideSolutionNode = FALSE
	EndGlobalSection
	GlobalSection(ExtensibilityGlobals) = postSolution
		SolutionGuid = {8DF68EB8-38C0-4F29-97AA-63D69B0E230A}
	EndGlobalSection
EndGlobal
